
Microsoft Visual Studio Solution File, Format Version 12.00
# Visual Studio Version 17
VisualStudioVersion = 17.10.35013.160
MinimumVisualStudioVersion = 10.0.40219.1
Project("{FAE04EC0-301F-11D3-BF4B-00C04F79EFBC}") = "Florence2", "Florence2\Florence2.csproj", "{F40E7521-7EBB-4C9D-89B4-450EFB69C624}"
EndProject
Global
	GlobalSection(SolutionConfigurationPlatforms) = preSolution
		Debug|Any CPU = Debug|Any CPU
		Release|Any CPU = Release|Any CPU
	EndGlobalSection
	GlobalSection(ProjectConfigurationPlatforms) = postSolution
		{F40E7521-7EBB-4C9D-89B4-450EFB69C624}.Debug|Any CPU.ActiveCfg = Debug|Any CPU
		{F40E7521-7EBB-4C9D-89B4-450EFB69C624}.Debug|Any CPU.Build.0 = Debug|Any CPU
		{F40E7521-7EBB-4C9D-89B4-450EFB69C624}.Release|Any CPU.ActiveCfg = Release|Any CPU
		{F40E7521-7EBB-4C9D-89B4-450EFB69C624}.Release|Any CPU.Build.0 = Release|Any CPU
	EndGlobalSection
	GlobalSection(SolutionProperties) = preSolution
		HideSolutionNode = FALSE
	EndGlobalSection
	GlobalSection(ExtensibilityGlobals) = postSolution
		SolutionGuid = {FD94F48A-8420-43A2-90F8-17751DAD4859}
	EndGlobalSection
EndGlobal
